
Microsoft Visual Studio Solution File, Format Version 12.00
# Visual Studio Version 17
VisualStudioVersion = 17.11.35208.52
MinimumVisualStudioVersion = 10.0.40219.1
Project("{FAE04EC0-301F-11D3-BF4B-00C04F79EFBC}") = "MagicVilla_VillaAPI", "MagicVilla_VillaAPI\MagicVilla_VillaAPI.csproj", "{BA0F8F5B-A717-46EC-A23D-879F649182DF}"
EndProject
Global
	GlobalSection(SolutionConfigurationPlatforms) = preSolution
		Debug|Any CPU = Debug|Any CPU
		Release|Any CPU = Release|Any CPU
	EndGlobalSection
	GlobalSection(ProjectConfigurationPlatforms) = postSolution
		{BA0F8F5B-A717-46EC-A23D-879F649182DF}.Debug|Any CPU.ActiveCfg = Debug|Any CPU
		{BA0F8F5B-A717-46EC-A23D-879F649182DF}.Debug|Any CPU.Build.0 = Debug|Any CPU
		{BA0F8F5B-A717-46EC-A23D-879F649182DF}.Release|Any CPU.ActiveCfg = Release|Any CPU
		{BA0F8F5B-A717-46EC-A23D-879F649182DF}.Release|Any CPU.Build.0 = Release|Any CPU
	EndGlobalSection
	GlobalSection(SolutionProperties) = preSolution
		HideSolutionNode = FALSE
	EndGlobalSection
	GlobalSection(ExtensibilityGlobals) = postSolution
		SolutionGuid = {09D7C72D-CC20-446F-8A04-A2BFD0CF2FA5}
	EndGlobalSection
EndGlobal
